{
  "requires": true,
  "lockfileVersion": 1,
  "dependencies": {
    "leaflet-pixi-overlay": {
      "version": "1.8.2",
      "resolved": "https://registry.npmjs.org/leaflet-pixi-overlay/-/leaflet-pixi-overlay-1.8.2.tgz",
      "integrity": "sha512-4xG9+yIndWuaEzpiInd6E5u9BqHpPdDRve4Dc647K5KlrYkC6HwiRtuRF2aCSFzognBQmESiS7O/2JlpjWexdA=="
    }
  }
}
